
Microsoft Visual Studio Solution File, Format Version 12.00
Project("{FAE04EC0-301F-11D3-BF4B-00C04F79EFBC}") = "DataReaderProject", "DataReaderProject\DataReaderProject.csproj", "{C28C254B-0479-4994-8DAA-8949F4048131}"
EndProject
Global
	GlobalSection(SolutionConfigurationPlatforms) = preSolution
		Debug|Any CPU = Debug|Any CPU
		Release|Any CPU = Release|Any CPU
	EndGlobalSection
	GlobalSection(ProjectConfigurationPlatforms) = postSolution
		{C28C254B-0479-4994-8DAA-8949F4048131}.Debug|Any CPU.ActiveCfg = Debug|Any CPU
		{C28C254B-0479-4994-8DAA-8949F4048131}.Debug|Any CPU.Build.0 = Debug|Any CPU
		{C28C254B-0479-4994-8DAA-8949F4048131}.Release|Any CPU.ActiveCfg = Release|Any CPU
		{C28C254B-0479-4994-8DAA-8949F4048131}.Release|Any CPU.Build.0 = Release|Any CPU
	EndGlobalSection
EndGlobal
